<?xml version="1.0" encoding="UTF-8"?>
<Scheme
   version = "1.3">
   <BuildAction>
      <BuildActionEntries>
         <BuildActionEntry
            buildForRunning = "YES">
            <BuildableReference
               BuildableIdentifier = "primary"
               BlueprintIdentifier = "0B18D4732012135E006DE5EE"
               BuildableName = "zavbusTest1.app"
               BlueprintName = "zavbusTest1"
               ReferencedContainer = "container:zavbusTest1.xcodeproj">
            </BuildableReference>
         </BuildActionEntry>
      </BuildActionEntries>
   </BuildAction>
   <LaunchAction
      useCustomWorkingDirectory = "NO"
      buildConfiguration = "Debug">
      <BuildableProductRunnable>
         <BuildableReference
            BuildableIdentifier = "primary"
            BlueprintIdentifier = "0B18D4732012135E006DE5EE"
            BuildableName = "zavbusTest1.app"
            BlueprintName = "zavbusTest1"
            ReferencedContainer = "container:zavbusTest1.xcodeproj">
         </BuildableReference>
      </BuildableProductRunnable>
   </LaunchAction>
</Scheme>
